
Microsoft Visual Studio Solution File, Format Version 12.00
# Visual Studio 14
VisualStudioVersion = 14.0.25420.1
MinimumVisualStudioVersion = 10.0.40219.1
Project("{FAE04EC0-301F-11D3-BF4B-00C04F79EFBC}") = "ROS", ".\ROS\ROS.csproj", "{7249763C-F8BE-44A7-B751-8964FBDFAE24}"
EndProject
Project("{FAE04EC0-301F-11D3-BF4B-00C04F79EFBC}") = "ROS.Test", "ROS.Test\ROS.Test.csproj", "{6715FF88-5AA9-4B78-AE6B-100936D75116}"
EndProject
Project("{FAE04EC0-301F-11D3-BF4B-00C04F79EFBC}") = "RoS.MVC", "RoS.MVC\RoS.MVC.csproj", "{F9989D45-749B-4030-A3A7-0DBB2705ECFC}"
EndProject
Global
	GlobalSection(SolutionConfigurationPlatforms) = preSolution
		Debug|Any CPU = Debug|Any CPU
		Release|Any CPU = Release|Any CPU
	EndGlobalSection
	GlobalSection(ProjectConfigurationPlatforms) = postSolution
		{7249763C-F8BE-44A7-B751-8964FBDFAE24}.Debug|Any CPU.ActiveCfg = Debug|Any CPU
		{7249763C-F8BE-44A7-B751-8964FBDFAE24}.Debug|Any CPU.Build.0 = Debug|Any CPU
		{7249763C-F8BE-44A7-B751-8964FBDFAE24}.Release|Any CPU.ActiveCfg = Release|Any CPU
		{7249763C-F8BE-44A7-B751-8964FBDFAE24}.Release|Any CPU.Build.0 = Release|Any CPU
		{6715FF88-5AA9-4B78-AE6B-100936D75116}.Debug|Any CPU.ActiveCfg = Debug|Any CPU
		{6715FF88-5AA9-4B78-AE6B-100936D75116}.Debug|Any CPU.Build.0 = Debug|Any CPU
		{6715FF88-5AA9-4B78-AE6B-100936D75116}.Release|Any CPU.ActiveCfg = Release|Any CPU
		{6715FF88-5AA9-4B78-AE6B-100936D75116}.Release|Any CPU.Build.0 = Release|Any CPU
		{F9989D45-749B-4030-A3A7-0DBB2705ECFC}.Debug|Any CPU.ActiveCfg = Debug|Any CPU
		{F9989D45-749B-4030-A3A7-0DBB2705ECFC}.Debug|Any CPU.Build.0 = Debug|Any CPU
		{F9989D45-749B-4030-A3A7-0DBB2705ECFC}.Release|Any CPU.ActiveCfg = Release|Any CPU
		{F9989D45-749B-4030-A3A7-0DBB2705ECFC}.Release|Any CPU.Build.0 = Release|Any CPU
	EndGlobalSection
	GlobalSection(SolutionProperties) = preSolution
		HideSolutionNode = FALSE
	EndGlobalSection
EndGlobal
